
Microsoft Visual Studio Solution File, Format Version 12.00
# Visual Studio Version 16
VisualStudioVersion = 16.0.30611.23
MinimumVisualStudioVersion = 10.0.40219.1
Project("{FAE04EC0-301F-11D3-BF4B-00C04F79EFBC}") = "lesson-4-calculator", "lesson-4-calculator\lesson-4-calculator.csproj", "{77E53EB8-1B4C-41E5-908D-F47C438C0BEC}"
EndProject
Global
	GlobalSection(SolutionConfigurationPlatforms) = preSolution
		Debug|Any CPU = Debug|Any CPU
		Release|Any CPU = Release|Any CPU
	EndGlobalSection
	GlobalSection(ProjectConfigurationPlatforms) = postSolution
		{77E53EB8-1B4C-41E5-908D-F47C438C0BEC}.Debug|Any CPU.ActiveCfg = Debug|Any CPU
		{77E53EB8-1B4C-41E5-908D-F47C438C0BEC}.Debug|Any CPU.Build.0 = Debug|Any CPU
		{77E53EB8-1B4C-41E5-908D-F47C438C0BEC}.Release|Any CPU.ActiveCfg = Release|Any CPU
		{77E53EB8-1B4C-41E5-908D-F47C438C0BEC}.Release|Any CPU.Build.0 = Release|Any CPU
	EndGlobalSection
	GlobalSection(SolutionProperties) = preSolution
		HideSolutionNode = FALSE
	EndGlobalSection
	GlobalSection(ExtensibilityGlobals) = postSolution
		SolutionGuid = {C888632F-0913-4DC5-B702-7810CEA4EF0C}
	EndGlobalSection
EndGlobal
